
Microsoft Visual Studio Solution File, Format Version 12.00
# Visual Studio Version 17
VisualStudioVersion = 17.0.31903.59
MinimumVisualStudioVersion = 10.0.40219.1
Project("{FAE04EC0-301F-11D3-BF4B-00C04F79EFBC}") = "SafeRouteViews", "SafeRouteViews\SafeRouteViews.csproj", "{69E2E8FE-CFB6-DFB8-4A57-D6210355206C}"
EndProject
Project("{FAE04EC0-301F-11D3-BF4B-00C04F79EFBC}") = "SafeRouteApi", "SafeRouteApi\SafeRouteApi.csproj", "{5A67FF16-4658-6088-46BF-4089CE063ED5}"
EndProject
Global
	GlobalSection(SolutionConfigurationPlatforms) = preSolution
		Debug|Any CPU = Debug|Any CPU
		Release|Any CPU = Release|Any CPU
	EndGlobalSection
	GlobalSection(ProjectConfigurationPlatforms) = postSolution
		{69E2E8FE-CFB6-DFB8-4A57-D6210355206C}.Debug|Any CPU.ActiveCfg = Debug|Any CPU
		{69E2E8FE-CFB6-DFB8-4A57-D6210355206C}.Debug|Any CPU.Build.0 = Debug|Any CPU
		{69E2E8FE-CFB6-DFB8-4A57-D6210355206C}.Release|Any CPU.ActiveCfg = Release|Any CPU
		{69E2E8FE-CFB6-DFB8-4A57-D6210355206C}.Release|Any CPU.Build.0 = Release|Any CPU
		{5A67FF16-4658-6088-46BF-4089CE063ED5}.Debug|Any CPU.ActiveCfg = Debug|Any CPU
		{5A67FF16-4658-6088-46BF-4089CE063ED5}.Debug|Any CPU.Build.0 = Debug|Any CPU
		{5A67FF16-4658-6088-46BF-4089CE063ED5}.Release|Any CPU.ActiveCfg = Release|Any CPU
		{5A67FF16-4658-6088-46BF-4089CE063ED5}.Release|Any CPU.Build.0 = Release|Any CPU
	EndGlobalSection
	GlobalSection(SolutionProperties) = preSolution
		HideSolutionNode = FALSE
	EndGlobalSection
EndGlobal
